{
  "name": "seven",
  "lockfileVersion": 3,
  "requires": true,
  "packages": {
    "": {
      "dependencies": {
        "@uqrcode/js": "^4.0.7",
        "uqrcodejs": "^4.0.7"
      }
    },
    "node_modules/@uqrcode/js": {
      "version": "4.0.7",
      "resolved": "https://mirrors.cloud.tencent.com/npm/@uqrcode/js/-/js-4.0.7.tgz",
      "integrity": "sha512-4lIVp0mBrZw3yltc3C0/JuxMyNcqh7olX95xQYttrotITAxCL1AA0/RdcsBTSMP1M6TcKvJSuDDNUurDKyNuNw==",
      "license": "Apache-2.0"
    },
    "node_modules/uqrcodejs": {
      "version": "4.0.7",
      "resolved": "https://mirrors.cloud.tencent.com/npm/uqrcodejs/-/uqrcodejs-4.0.7.tgz",
      "integrity": "sha512-84+aZmD2godCVI+93lxE3YUAPNY8zAJvNA7xRS7R7U+q57KzMDepBSfNCwoRUhWOfR6eHFoAOcHRPwsP6ka1cA==",
      "license": "Apache-2.0"
    }
  }
}
